PODS:
  - boost-for-react-native (1.63.0)
  - DoubleConversion (1.1.6)
  - FBLazyVector (0.65.0-rc.3)
  - FBReactNativeSpec (0.65.0-rc.3):
    - RCT-Folly (= 2021.04.26.00)
    - RCTRequired (= 0.65.0-rc.3)
    - RCTTypeSafety (= 0.65.0-rc.3)
    - React-Core (= 0.65.0-rc.3)
    - React-jsi (= 0.65.0-rc.3)
    - ReactCommon/turbomodule/core (= 0.65.0-rc.3)
  - fmt (6.2.1)
  - glog (0.3.5)
  - RCT-Folly (2021.04.26.00):
    - boost-for-react-native
    - DoubleConversion
    - fmt (~> 6.2.1)
    - glog
    - RCT-Folly/Default (= 2021.04.26.00)
  - RCT-Folly/Default (2021.04.26.00):
    - boost-for-react-native
    - DoubleConversion
    - fmt (~> 6.2.1)
    - glog
  - RCTRequired (0.65.0-rc.3)
  - RCTTypeSafety (0.65.0-rc.3):
    - FBLazyVector (= 0.65.0-rc.3)
    - RCT-Folly (= 2021.04.26.00)
    - RCTRequired (= 0.65.0-rc.3)
    - React-Core (= 0.65.0-rc.3)
  - React (0.65.0-rc.3):
    - React-Core (= 0.65.0-rc.3)
    - React-Core/DevSupport (= 0.65.0-rc.3)
    - React-Core/RCTWebSocket (= 0.65.0-rc.3)
    - React-RCTActionSheet (= 0.65.0-rc.3)
    - React-RCTAnimation (= 0.65.0-rc.3)
    - React-RCTBlob (= 0.65.0-rc.3)
    - React-RCTImage (= 0.65.0-rc.3)
    - React-RCTLinking (= 0.65.0-rc.3)
    - React-RCTNetwork (= 0.65.0-rc.3)
    - React-RCTSettings (= 0.65.0-rc.3)
    - React-RCTText (= 0.65.0-rc.3)
    - React-RCTVibration (= 0.65.0-rc.3)
  - React-callinvoker (0.65.0-rc.3)
  - React-Core (0.65.0-rc.3):
    - glog
    - RCT-Folly (= 2021.04.26.00)
    - React-Core/Default (= 0.65.0-rc.3)
    - React-cxxreact (= 0.65.0-rc.3)
    - React-jsi (= 0.65.0-rc.3)
    - React-jsiexecutor (= 0.65.0-rc.3)
    - React-perflogger (= 0.65.0-rc.3)
    - Yoga
  - React-Core/CoreModulesHeaders (0.65.0-rc.3):
    - glog
    - RCT-Folly (= 2021.04.26.00)
    - React-Core/Default
    - React-cxxreact (= 0.65.0-rc.3)
    - React-jsi (= 0.65.0-rc.3)
    - React-jsiexecutor (= 0.65.0-rc.3)
    - React-perflogger (= 0.65.0-rc.3)
    - Yoga
  - React-Core/Default (0.65.0-rc.3):
    - glog
    - RCT-Folly (= 2021.04.26.00)
    - React-cxxreact (= 0.65.0-rc.3)
    - React-jsi (= 0.65.0-rc.3)
    - React-jsiexecutor (= 0.65.0-rc.3)
    - React-perflogger (= 0.65.0-rc.3)
    - Yoga
  - React-Core/DevSupport (0.65.0-rc.3):
    - glog
    - RCT-Folly (= 2021.04.26.00)
    - React-Core/Default (= 0.65.0-rc.3)
    - React-Core/RCTWebSocket (= 0.65.0-rc.3)
    - React-cxxreact (= 0.65.0-rc.3)
    - React-jsi (= 0.65.0-rc.3)
    - React-jsiexecutor (= 0.65.0-rc.3)
    - React-jsinspector (= 0.65.0-rc.3)
    - React-perflogger (= 0.65.0-rc.3)
    - Yoga
  - React-Core/RCTActionSheetHeaders (0.65.0-rc.3):
    - glog
    - RCT-Folly (= 2021.04.26.00)
    - React-Core/Default
    - React-cxxreact (= 0.65.0-rc.3)
    - React-jsi (= 0.65.0-rc.3)
    - React-jsiexecutor (= 0.65.0-rc.3)
    - React-perflogger (= 0.65.0-rc.3)
    - Yoga
  - React-Core/RCTAnimationHeaders (0.65.0-rc.3):
    - glog
    - RCT-Folly (= 2021.04.26.00)
    - React-Core/Default
    - React-cxxreact (= 0.65.0-rc.3)
    - React-jsi (= 0.65.0-rc.3)
    - React-jsiexecutor (= 0.65.0-rc.3)
    - React-perflogger (= 0.65.0-rc.3)
    - Yoga
  - React-Core/RCTBlobHeaders (0.65.0-rc.3):
    - glog
    - RCT-Folly (= 2021.04.26.00)
    - React-Core/Default
    - React-cxxreact (= 0.65.0-rc.3)
    - React-jsi (= 0.65.0-rc.3)
    - React-jsiexecutor (= 0.65.0-rc.3)
    - React-perflogger (= 0.65.0-rc.3)
    - Yoga
  - React-Core/RCTImageHeaders (0.65.0-rc.3):
    - glog
    - RCT-Folly (= 2021.04.26.00)
    - React-Core/Default
    - React-cxxreact (= 0.65.0-rc.3)
    - React-jsi (= 0.65.0-rc.3)
    - React-jsiexecutor (= 0.65.0-rc.3)
    - React-perflogger (= 0.65.0-rc.3)
    - Yoga
  - React-Core/RCTLinkingHeaders (0.65.0-rc.3):
    - glog
    - RCT-Folly (= 2021.04.26.00)
    - React-Core/Default
    - React-cxxreact (= 0.65.0-rc.3)
    - React-jsi (= 0.65.0-rc.3)
    - React-jsiexecutor (= 0.65.0-rc.3)
    - React-perflogger (= 0.65.0-rc.3)
    - Yoga
  - React-Core/RCTNetworkHeaders (0.65.0-rc.3):
    - glog
    - RCT-Folly (= 2021.04.26.00)
    - React-Core/Default
    - React-cxxreact (= 0.65.0-rc.3)
    - React-jsi (= 0.65.0-rc.3)
    - React-jsiexecutor (= 0.65.0-rc.3)
    - React-perflogger (= 0.65.0-rc.3)
    - Yoga
  - React-Core/RCTSettingsHeaders (0.65.0-rc.3):
    - glog
    - RCT-Folly (= 2021.04.26.00)
    - React-Core/Default
    - React-cxxreact (= 0.65.0-rc.3)
    - React-jsi (= 0.65.0-rc.3)
    - React-jsiexecutor (= 0.65.0-rc.3)
    - React-perflogger (= 0.65.0-rc.3)
    - Yoga
  - React-Core/RCTTextHeaders (0.65.0-rc.3):
    - glog
    - RCT-Folly (= 2021.04.26.00)
    - React-Core/Default
    - React-cxxreact (= 0.65.0-rc.3)
    - React-jsi (= 0.65.0-rc.3)
    - React-jsiexecutor (= 0.65.0-rc.3)
    - React-perflogger (= 0.65.0-rc.3)
    - Yoga
  - React-Core/RCTVibrationHeaders (0.65.0-rc.3):
    - glog
    - RCT-Folly (= 2021.04.26.00)
    - React-Core/Default
    - React-cxxreact (= 0.65.0-rc.3)
    - React-jsi (= 0.65.0-rc.3)
    - React-jsiexecutor (= 0.65.0-rc.3)
    - React-perflogger (= 0.65.0-rc.3)
    - Yoga
  - React-Core/RCTWebSocket (0.65.0-rc.3):
    - glog
    - RCT-Folly (= 2021.04.26.00)
    - React-Core/Default (= 0.65.0-rc.3)
    - React-cxxreact (= 0.65.0-rc.3)
    - React-jsi (= 0.65.0-rc.3)
    - React-jsiexecutor (= 0.65.0-rc.3)
    - React-perflogger (= 0.65.0-rc.3)
    - Yoga
  - React-CoreModules (0.65.0-rc.3):
    - FBReactNativeSpec (= 0.65.0-rc.3)
    - RCT-Folly (= 2021.04.26.00)
    - RCTTypeSafety (= 0.65.0-rc.3)
    - React-Core/CoreModulesHeaders (= 0.65.0-rc.3)
    - React-jsi (= 0.65.0-rc.3)
    - React-RCTImage (= 0.65.0-rc.3)
    - ReactCommon/turbomodule/core (= 0.65.0-rc.3)
  - React-cxxreact (0.65.0-rc.3):
    - boost-for-react-native (= 1.63.0)
    - DoubleConversion
    - glog
    - RCT-Folly (= 2021.04.26.00)
    - React-callinvoker (= 0.65.0-rc.3)
    - React-jsi (= 0.65.0-rc.3)
    - React-jsinspector (= 0.65.0-rc.3)
    - React-perflogger (= 0.65.0-rc.3)
    - React-runtimeexecutor (= 0.65.0-rc.3)
  - React-jsi (0.65.0-rc.3):
    - boost-for-react-native (= 1.63.0)
    - DoubleConversion
    - glog
    - RCT-Folly (= 2021.04.26.00)
    - React-jsi/Default (= 0.65.0-rc.3)
  - React-jsi/Default (0.65.0-rc.3):
    - boost-for-react-native (= 1.63.0)
    - DoubleConversion
    - glog
    - RCT-Folly (= 2021.04.26.00)
  - React-jsiexecutor (0.65.0-rc.3):
    - DoubleConversion
    - glog
    - RCT-Folly (= 2021.04.26.00)
    - React-cxxreact (= 0.65.0-rc.3)
    - React-jsi (= 0.65.0-rc.3)
    - React-perflogger (= 0.65.0-rc.3)
  - React-jsinspector (0.65.0-rc.3)
  - react-native-safe-area-context (3.3.0):
    - React-Core
  - React-perflogger (0.65.0-rc.3)
  - React-RCTActionSheet (0.65.0-rc.3):
    - React-Core/RCTActionSheetHeaders (= 0.65.0-rc.3)
  - React-RCTAnimation (0.65.0-rc.3):
    - FBReactNativeSpec (= 0.65.0-rc.3)
    - RCT-Folly (= 2021.04.26.00)
    - RCTTypeSafety (= 0.65.0-rc.3)
    - React-Core/RCTAnimationHeaders (= 0.65.0-rc.3)
    - React-jsi (= 0.65.0-rc.3)
    - ReactCommon/turbomodule/core (= 0.65.0-rc.3)
  - React-RCTBlob (0.65.0-rc.3):
    - FBReactNativeSpec (= 0.65.0-rc.3)
    - RCT-Folly (= 2021.04.26.00)
    - React-Core/RCTBlobHeaders (= 0.65.0-rc.3)
    - React-Core/RCTWebSocket (= 0.65.0-rc.3)
    - React-jsi (= 0.65.0-rc.3)
    - React-RCTNetwork (= 0.65.0-rc.3)
    - ReactCommon/turbomodule/core (= 0.65.0-rc.3)
  - React-RCTImage (0.65.0-rc.3):
    - FBReactNativeSpec (= 0.65.0-rc.3)
    - RCT-Folly (= 2021.04.26.00)
    - RCTTypeSafety (= 0.65.0-rc.3)
    - React-Core/RCTImageHeaders (= 0.65.0-rc.3)
    - React-jsi (= 0.65.0-rc.3)
    - React-RCTNetwork (= 0.65.0-rc.3)
    - ReactCommon/turbomodule/core (= 0.65.0-rc.3)
  - React-RCTLinking (0.65.0-rc.3):
    - FBReactNativeSpec (= 0.65.0-rc.3)
    - React-Core/RCTLinkingHeaders (= 0.65.0-rc.3)
    - React-jsi (= 0.65.0-rc.3)
    - ReactCommon/turbomodule/core (= 0.65.0-rc.3)
  - React-RCTNetwork (0.65.0-rc.3):
    - FBReactNativeSpec (= 0.65.0-rc.3)
    - RCT-Folly (= 2021.04.26.00)
    - RCTTypeSafety (= 0.65.0-rc.3)
    - React-Core/RCTNetworkHeaders (= 0.65.0-rc.3)
    - React-jsi (= 0.65.0-rc.3)
    - ReactCommon/turbomodule/core (= 0.65.0-rc.3)
  - React-RCTSettings (0.65.0-rc.3):
    - FBReactNativeSpec (= 0.65.0-rc.3)
    - RCT-Folly (= 2021.04.26.00)
    - RCTTypeSafety (= 0.65.0-rc.3)
    - React-Core/RCTSettingsHeaders (= 0.65.0-rc.3)
    - React-jsi (= 0.65.0-rc.3)
    - ReactCommon/turbomodule/core (= 0.65.0-rc.3)
  - React-RCTText (0.65.0-rc.3):
    - React-Core/RCTTextHeaders (= 0.65.0-rc.3)
  - React-RCTVibration (0.65.0-rc.3):
    - FBReactNativeSpec (= 0.65.0-rc.3)
    - RCT-Folly (= 2021.04.26.00)
    - React-Core/RCTVibrationHeaders (= 0.65.0-rc.3)
    - React-jsi (= 0.65.0-rc.3)
    - ReactCommon/turbomodule/core (= 0.65.0-rc.3)
  - React-runtimeexecutor (0.65.0-rc.3):
    - React-jsi (= 0.65.0-rc.3)
  - ReactCommon/turbomodule/core (0.65.0-rc.3):
    - DoubleConversion
    - glog
    - RCT-Folly (= 2021.04.26.00)
    - React-callinvoker (= 0.65.0-rc.3)
    - React-Core (= 0.65.0-rc.3)
    - React-cxxreact (= 0.65.0-rc.3)
    - React-jsi (= 0.65.0-rc.3)
    - React-perflogger (= 0.65.0-rc.3)
  - RNCAsyncStorage (1.12.1):
    - React-Core
  - RNCMaskedView (0.1.11):
    - React
  - RNGestureHandler (1.10.3):
    - React-Core
  - RNReanimated (1.13.3):
    - React-Core
  - RNScreens (3.5.0):
    - React-Core
    - React-RCTImage
  - Yoga (1.14.0)

DEPENDENCIES:
  - DoubleConversion (from `../../node_modules/react-native/third-party-podspecs/DoubleConversion.podspec`)
  - FBLazyVector (from `../../node_modules/react-native/Libraries/FBLazyVector`)
  - FBReactNativeSpec (from `../../node_modules/react-native/React/FBReactNativeSpec`)
  - glog (from `../../node_modules/react-native/third-party-podspecs/glog.podspec`)
  - RCT-Folly (from `../../node_modules/react-native/third-party-podspecs/RCT-Folly.podspec`)
  - RCTRequired (from `../../node_modules/react-native/Libraries/RCTRequired`)
  - RCTTypeSafety (from `../../node_modules/react-native/Libraries/TypeSafety`)
  - React (from `../../node_modules/react-native/`)
  - React-callinvoker (from `../../node_modules/react-native/ReactCommon/callinvoker`)
  - React-Core (from `../../node_modules/react-native/`)
  - React-Core/DevSupport (from `../../node_modules/react-native/`)
  - React-Core/RCTWebSocket (from `../../node_modules/react-native/`)
  - React-CoreModules (from `../../node_modules/react-native/React/CoreModules`)
  - React-cxxreact (from `../../node_modules/react-native/ReactCommon/cxxreact`)
  - React-jsi (from `../../node_modules/react-native/ReactCommon/jsi`)
  - React-jsiexecutor (from `../../node_modules/react-native/ReactCommon/jsiexecutor`)
  - React-jsinspector (from `../../node_modules/react-native/ReactCommon/jsinspector`)
  - react-native-safe-area-context (from `../..`)
  - React-perflogger (from `../../node_modules/react-native/ReactCommon/reactperflogger`)
  - React-RCTActionSheet (from `../../node_modules/react-native/Libraries/ActionSheetIOS`)
  - React-RCTAnimation (from `../../node_modules/react-native/Libraries/NativeAnimation`)
  - React-RCTBlob (from `../../node_modules/react-native/Libraries/Blob`)
  - React-RCTImage (from `../../node_modules/react-native/Libraries/Image`)
  - React-RCTLinking (from `../../node_modules/react-native/Libraries/LinkingIOS`)
  - React-RCTNetwork (from `../../node_modules/react-native/Libraries/Network`)
  - React-RCTSettings (from `../../node_modules/react-native/Libraries/Settings`)
  - React-RCTText (from `../../node_modules/react-native/Libraries/Text`)
  - React-RCTVibration (from `../../node_modules/react-native/Libraries/Vibration`)
  - React-runtimeexecutor (from `../../node_modules/react-native/ReactCommon/runtimeexecutor`)
  - ReactCommon/turbomodule/core (from `../../node_modules/react-native/ReactCommon`)
  - "RNCAsyncStorage (from `../../node_modules/@react-native-community/async-storage`)"
  - "RNCMaskedView (from `../../node_modules/@react-native-community/masked-view`)"
  - RNGestureHandler (from `../../node_modules/react-native-gesture-handler`)
  - RNReanimated (from `../../node_modules/react-native-reanimated`)
  - RNScreens (from `../../node_modules/react-native-screens`)
  - Yoga (from `../../node_modules/react-native/ReactCommon/yoga`)

SPEC REPOS:
  trunk:
    - boost-for-react-native
    - fmt

EXTERNAL SOURCES:
  DoubleConversion:
    :podspec: "../../node_modules/react-native/third-party-podspecs/DoubleConversion.podspec"
  FBLazyVector:
    :path: "../../node_modules/react-native/Libraries/FBLazyVector"
  FBReactNativeSpec:
    :path: "../../node_modules/react-native/React/FBReactNativeSpec"
  glog:
    :podspec: "../../node_modules/react-native/third-party-podspecs/glog.podspec"
  RCT-Folly:
    :podspec: "../../node_modules/react-native/third-party-podspecs/RCT-Folly.podspec"
  RCTRequired:
    :path: "../../node_modules/react-native/Libraries/RCTRequired"
  RCTTypeSafety:
    :path: "../../node_modules/react-native/Libraries/TypeSafety"
  React:
    :path: "../../node_modules/react-native/"
  React-callinvoker:
    :path: "../../node_modules/react-native/ReactCommon/callinvoker"
  React-Core:
    :path: "../../node_modules/react-native/"
  React-CoreModules:
    :path: "../../node_modules/react-native/React/CoreModules"
  React-cxxreact:
    :path: "../../node_modules/react-native/ReactCommon/cxxreact"
  React-jsi:
    :path: "../../node_modules/react-native/ReactCommon/jsi"
  React-jsiexecutor:
    :path: "../../node_modules/react-native/ReactCommon/jsiexecutor"
  React-jsinspector:
    :path: "../../node_modules/react-native/ReactCommon/jsinspector"
  react-native-safe-area-context:
    :path: "../.."
  React-perflogger:
    :path: "../../node_modules/react-native/ReactCommon/reactperflogger"
  React-RCTActionSheet:
    :path: "../../node_modules/react-native/Libraries/ActionSheetIOS"
  React-RCTAnimation:
    :path: "../../node_modules/react-native/Libraries/NativeAnimation"
  React-RCTBlob:
    :path: "../../node_modules/react-native/Libraries/Blob"
  React-RCTImage:
    :path: "../../node_modules/react-native/Libraries/Image"
  React-RCTLinking:
    :path: "../../node_modules/react-native/Libraries/LinkingIOS"
  React-RCTNetwork:
    :path: "../../node_modules/react-native/Libraries/Network"
  React-RCTSettings:
    :path: "../../node_modules/react-native/Libraries/Settings"
  React-RCTText:
    :path: "../../node_modules/react-native/Libraries/Text"
  React-RCTVibration:
    :path: "../../node_modules/react-native/Libraries/Vibration"
  React-runtimeexecutor:
    :path: "../../node_modules/react-native/ReactCommon/runtimeexecutor"
  ReactCommon:
    :path: "../../node_modules/react-native/ReactCommon"
  RNCAsyncStorage:
    :path: "../../node_modules/@react-native-community/async-storage"
  RNCMaskedView:
    :path: "../../node_modules/@react-native-community/masked-view"
  RNGestureHandler:
    :path: "../../node_modules/react-native-gesture-handler"
  RNReanimated:
    :path: "../../node_modules/react-native-reanimated"
  RNScreens:
    :path: "../../node_modules/react-native-screens"
  Yoga:
    :path: "../../node_modules/react-native/ReactCommon/yoga"

SPEC CHECKSUMS:
  boost-for-react-native: 39c7adb57c4e60d6c5479dd8623128eb5b3f0f2c
  DoubleConversion: 831926d9b8bf8166fd87886c4abab286c2422662
  FBLazyVector: e7f44444c762929230ac89d42e47485d3a2620ee
  FBReactNativeSpec: 965cab48b150138f50dc74fb79c7a651f9d26988
  fmt: ff9d55029c625d3757ed641535fd4a75fedc7ce9
  glog: 5337263514dd6f09803962437687240c5dc39aa4
  RCT-Folly: 0dd9e1eb86348ecab5ba76f910b56f4b5fef3c46
  RCTRequired: d46b5885ed712ea0a93d255f178b82fbe0c98253
  RCTTypeSafety: 9dc16e9900ab24788f49e13584f9dd8236f45759
  React: 5a7d0c706595efdad2aed162eb741a1e04264a39
  React-callinvoker: d9364d92cd845c789704aabdda2a7d8b09e800ac
  React-Core: 6540263b40b922e9c63edf2c7153ce09b3761121
  React-CoreModules: 78a12a52753923b200174d8d08b7d3ac5e3d952e
  React-cxxreact: 198799535327d9ec09db4b213f75e945656e5f01
  React-jsi: 97f4da179224ee382a51398530395fb2310d6d79
  React-jsiexecutor: 16f9e04672a1eac86d3d985052a8dc6335eec235
  React-jsinspector: c31301053f800b7d4b0439070fa14285ad3726de
  react-native-safe-area-context: 24906dcc3aa314b88cd303b2088fb6eb9f2d6037
  React-perflogger: a1ed64d13c82b051eb82447dc5ae2db30516bb35
  React-RCTActionSheet: 4bf338639ac4d2ccacf5409bcc244b2c2a390115
  React-RCTAnimation: a54391521343110ec591164bfed713c28aa3a5ee
  React-RCTBlob: 41a0768cd53d3c59ea88ee6df50de984f5cd96b2
  React-RCTImage: c1125c38dfad9c54f0a848a1c1a6448ea8f7e3b7
  React-RCTLinking: ec4f4807cd6b32218b1aa7e8b70692c97ecc4c35
  React-RCTNetwork: aae12fa50259953887c31e0aaa64c3a3a8f9b7e4
  React-RCTSettings: ff964b929154e3ffc48433c7bd48291f47b48d3f
  React-RCTText: 140a88daf57bd2cf548949a30a49e1b62d295f54
  React-RCTVibration: 1597a33ff4c3b80ace855e8e5c7b22abc79d606b
  React-runtimeexecutor: e05acb449db121656f69f71e4c40dda25072a122
  ReactCommon: 4686f0685072a7820c039cf4a2044b51c32d4ec1
  RNCAsyncStorage: b03032fdbdb725bea0bd9e5ec5a7272865ae7398
  RNCMaskedView: 0e1bc4bfa8365eba5fbbb71e07fbdc0555249489
  RNGestureHandler: a479ebd5ed4221a810967000735517df0d2db211
  RNReanimated: 514a11da3a2bcc6c3dfd9de32b38e2b9bf101926
  RNScreens: 01ab149b5dd5c27f5ff26741b1d2bdf2cee1af35
  Yoga: c36762154e856af6b7e3605e40b66a1f84044d12

PODFILE CHECKSUM: 3eeec7193279f5658a48db0842083f6d8a0a9f11

COCOAPODS: 1.10.2
